
Microsoft Visual Studio Solution File, Format Version 12.00
# Visual Studio Version 17
VisualStudioVersion = 17.14.36408.4 d17.14
MinimumVisualStudioVersion = 10.0.40219.1
Project("{E24C65DC-7377-472B-9ABA-BC803B73C61A}") = "EzyShareListing", "D:\EzyShare\EzyShareListing\", "{721B081D-3AF4-D43C-8C8C-D0CEB10DA6CF}"
	ProjectSection(WebsiteProperties) = preProject
		TargetFrameworkMoniker = ".NETFramework,Version%3Dv4.8"
		Debug.AspNetCompiler.VirtualPath = "/localhost_59503"
		Debug.AspNetCompiler.PhysicalPath = "D:\EzyShare\EzyShareListing\"
		Debug.AspNetCompiler.TargetPath = "PrecompiledWeb\localhost_59503\"
		Debug.AspNetCompiler.Updateable = "true"
		Debug.AspNetCompiler.ForceOverwrite = "true"
		Debug.AspNetCompiler.FixedNames = "false"
		Debug.AspNetCompiler.Debug = "True"
		Release.AspNetCompiler.VirtualPath = "/localhost_59503"
		Release.AspNetCompiler.PhysicalPath = "D:\EzyShare\EzyShareListing\"
		Release.AspNetCompiler.TargetPath = "PrecompiledWeb\localhost_59503\"
		Release.AspNetCompiler.Updateable = "true"
		Release.AspNetCompiler.ForceOverwrite = "true"
		Release.AspNetCompiler.FixedNames = "false"
		Release.AspNetCompiler.Debug = "False"
		VWDPort = "59503"
	EndProjectSection
EndProject
Global
	GlobalSection(SolutionConfigurationPlatforms) = preSolution
		Debug|Any CPU = Debug|Any CPU
	EndGlobalSection
	GlobalSection(ProjectConfigurationPlatforms) = postSolution
		{721B081D-3AF4-D43C-8C8C-D0CEB10DA6CF}.Debug|Any CPU.ActiveCfg = Debug|Any CPU
		{721B081D-3AF4-D43C-8C8C-D0CEB10DA6CF}.Debug|Any CPU.Build.0 = Debug|Any CPU
	EndGlobalSection
	GlobalSection(SolutionProperties) = preSolution
		HideSolutionNode = FALSE
	EndGlobalSection
	GlobalSection(ExtensibilityGlobals) = postSolution
		SolutionGuid = {1EB1AAFD-D8F4-42C8-9581-1C123DD689D6}
	EndGlobalSection
EndGlobal
